// !$*UTF8*$!
{
	archiveVersion = 1;
	classes = {
	};
	objectVersion = 48;
	objects = {

/* Begin PBXBuildFile section */
		473902A6E6D97BF3C34726F6 /* Pods_ilegra_marvel.framework in Frameworks */ = {isa = PBXBuildFile; fileRef = 678CA94543046927B74E0713 /* Pods_ilegra_marvel.framework */; };
		D09425422006BFB1003CB895 /* AppDelegate.swift in Sources */ = {isa = PBXBuildFile; fileRef = D09425412006BFB1003CB895 /* AppDelegate.swift */; };
		D09425492006BFB1003CB895 /* Assets.xcassets in Resources */ = {isa = PBXBuildFile; fileRef = D09425482006BFB1003CB895 /* Assets.xcassets */; };
		D094254C2006BFB1003CB895 /* LaunchScreen.storyboard in Resources */ = {isa = PBXBuildFile; fileRef = D094254A2006BFB1003CB895 /* LaunchScreen.storyboard */; };
		D0EE93A52006E91200044851 /* Main.storyboard in Resources */ = {isa = PBXBuildFile; fileRef = D0EE93A42006E91200044851 /* Main.storyboard */; };
		D0EE93A72006EA5900044851 /* Responses.swift in Sources */ = {isa = PBXBuildFile; fileRef = D0EE93A62006EA5900044851 /* Responses.swift */; };
		D0EE93A92006EA9000044851 /* Request.swift in Sources */ = {isa = PBXBuildFile; fileRef = D0EE93A82006EA9000044851 /* Request.swift */; };
		D0EE93AB2006EABB00044851 /* ApiURL.swift in Sources */ = {isa = PBXBuildFile; fileRef = D0EE93AA2006EABB00044851 /* ApiURL.swift */; };
		D0EE93AE2006EADC00044851 /* ServerError.swift in Sources */ = {isa = PBXBuildFile; fileRef = D0EE93AD2006EADC00044851 /* ServerError.swift */; };
		D0EE93B02006EDEF00044851 /* Character.swift in Sources */ = {isa = PBXBuildFile; fileRef = D0EE93AF2006EDEF00044851 /* Character.swift */; };
		D0EE93B42006F52B00044851 /* CharactersTableViewController.swift in Sources */ = {isa = PBXBuildFile; fileRef = D0EE93B32006F52B00044851 /* CharactersTableViewController.swift */; };
		D0EE93B72006F54300044851 /* CharacterTableViewCell.swift in Sources */ = {isa = PBXBuildFile; fileRef = D0EE93B52006F54300044851 /* CharacterTableViewCell.swift */; };
		D0EE93B82006F54300044851 /* CharacterTableViewCell.xib in Resources */ = {isa = PBXBuildFile; fileRef = D0EE93B62006F54300044851 /* CharacterTableViewCell.xib */; };
		D0EE93BB2006F8DE00044851 /* CharacterViewController.swift in Sources */ = {isa = PBXBuildFile; fileRef = D0EE93BA2006F8DE00044851 /* CharacterViewController.swift */; };
		D0EE93BD2006FDBC00044851 /* RequestCharacter.swift in Sources */ = {isa = PBXBuildFile; fileRef = D0EE93BC2006FDBC00044851 /* RequestCharacter.swift */; };
		D0EE93C42007596300044851 /* Dictionary+queryString.swift in Sources */ = {isa = PBXBuildFile; fileRef = D0EE93C32007596200044851 /* Dictionary+queryString.swift */; };
		D0FDCABA200958E100918E11 /* MarvelInfo.swift in Sources */ = {isa = PBXBuildFile; fileRef = D0FDCAB9200958E100918E11 /* MarvelInfo.swift */; };
		D0FDCABC20095A3A00918E11 /* MarvelData.swift in Sources */ = {isa = PBXBuildFile; fileRef = D0FDCABB20095A3A00918E11 /* MarvelData.swift */; };
		D0FDCABE20095BA700918E11 /* Thumbnail.swift in Sources */ = {isa = PBXBuildFile; fileRef = D0FDCABD20095BA700918E11 /* Thumbnail.swift */; };
		D0FDCAC020095CDF00918E11 /* CharacterURL.swift in Sources */ = {isa = PBXBuildFile; fileRef = D0FDCABF20095CDF00918E11 /* CharacterURL.swift */; };
		D0FDCAC2200A24F900918E11 /* UIColor+Hex.swift in Sources */ = {isa = PBXBuildFile; fileRef = D0FDCAC1200A24F900918E11 /* UIColor+Hex.swift */; };
		D0FDCAC4200A2FF200918E11 /* WebPageCharacterViewController.swift in Sources */ = {isa = PBXBuildFile; fileRef = D0FDCAC3200A2FF200918E11 /* WebPageCharacterViewController.swift */; };
/* End PBXBuildFile section */

/* Begin PBXFileReference section */
		4096C73309297DF90175B0D8 /* Pods-ilegra-marvel.debug.xcconfig */ = {isa = PBXFileReference; includeInIndex = 1; lastKnownFileType = text.xcconfig; name = "Pods-ilegra-marvel.debug.xcconfig"; path = "Pods/Target Support Files/Pods-ilegra-marvel/Pods-ilegra-marvel.debug.xcconfig"; sourceTree = "<group>"; };
		678CA94543046927B74E0713 /* Pods_ilegra_marvel.framework */ = {isa = PBXFileReference; explicitFileType = wrapper.framework; includeInIndex = 0; path = Pods_ilegra_marvel.framework; sourceTree = BUILT_PRODUCTS_DIR; };
		D094253E2006BFB1003CB895 /* ilegra-marvel.app */ = {isa = PBXFileReference; explicitFileType = wrapper.application; includeInIndex = 0; path = "ilegra-marvel.app"; sourceTree = BUILT_PRODUCTS_DIR; };
		D09425412006BFB1003CB895 /* AppDelegate.swift */ = {isa = PBXFileReference; lastKnownFileType = sourcecode.swift; path = AppDelegate.swift; sourceTree = "<group>"; };
		D09425482006BFB1003CB895 /* Assets.xcassets */ = {isa = PBXFileReference; lastKnownFileType = folder.assetcatalog; path = Assets.xcassets; sourceTree = "<group>"; };
		D094254B2006BFB1003CB895 /* Base */ = {isa = PBXFileReference; lastKnownFileType = file.storyboard; name = Base; path = Base.lproj/LaunchScreen.storyboard; sourceTree = "<group>"; };
		D094254D2006BFB1003CB895 /* Info.plist */ = {isa = PBXFileReference; lastKnownFileType = text.plist.xml; path = Info.plist; sourceTree = "<group>"; };
		D0EE93A42006E91200044851 /* Main.storyboard */ = {isa = PBXFileReference; lastKnownFileType = file.storyboard; path = Main.storyboard; sourceTree = "<group>"; };
		D0EE93A62006EA5900044851 /* Responses.swift */ = {isa = PBXFileReference; lastKnownFileType = sourcecode.swift; path = Responses.swift; sourceTree = "<group>"; };
		D0EE93A82006EA9000044851 /* Request.swift */ = {isa = PBXFileReference; lastKnownFileType = sourcecode.swift; path = Request.swift; sourceTree = "<group>"; };
		D0EE93AA2006EABB00044851 /* ApiURL.swift */ = {isa = PBXFileReference; lastKnownFileType = sourcecode.swift; path = ApiURL.swift; sourceTree = "<group>"; };
		D0EE93AD2006EADC00044851 /* ServerError.swift */ = {isa = PBXFileReference; lastKnownFileType = sourcecode.swift; path = ServerError.swift; sourceTree = "<group>"; };
		D0EE93AF2006EDEF00044851 /* Character.swift */ = {isa = PBXFileReference; lastKnownFileType = sourcecode.swift; path = Character.swift; sourceTree = "<group>"; };
		D0EE93B32006F52B00044851 /* CharactersTableViewController.swift */ = {isa = PBXFileReference; lastKnownFileType = sourcecode.swift; path = CharactersTableViewController.swift; sourceTree = "<group>"; };
		D0EE93B52006F54300044851 /* CharacterTableViewCell.swift */ = {isa = PBXFileReference; lastKnownFileType = sourcecode.swift; path = CharacterTableViewCell.swift; sourceTree = "<group>"; };
		D0EE93B62006F54300044851 /* CharacterTableViewCell.xib */ = {isa = PBXFileReference; lastKnownFileType = file.xib; path = CharacterTableViewCell.xib; sourceTree = "<group>"; };
		D0EE93BA2006F8DE00044851 /* CharacterViewController.swift */ = {isa = PBXFileReference; lastKnownFileType = sourcecode.swift; path = CharacterViewController.swift; sourceTree = "<group>"; };
		D0EE93BC2006FDBC00044851 /* RequestCharacter.swift */ = {isa = PBXFileReference; lastKnownFileType = sourcecode.swift; path = RequestCharacter.swift; sourceTree = "<group>"; };
		D0EE93C32007596200044851 /* Dictionary+queryString.swift */ = {isa = PBXFileReference; lastKnownFileType = sourcecode.swift; path = "Dictionary+queryString.swift"; sourceTree = "<group>"; };
		D0FDCAB9200958E100918E11 /* MarvelInfo.swift */ = {isa = PBXFileReference; lastKnownFileType = sourcecode.swift; path = MarvelInfo.swift; sourceTree = "<group>"; };
		D0FDCABB20095A3A00918E11 /* MarvelData.swift */ = {isa = PBXFileReference; lastKnownFileType = sourcecode.swift; path = MarvelData.swift; sourceTree = "<group>"; };
		D0FDCABD20095BA700918E11 /* Thumbnail.swift */ = {isa = PBXFileReference; lastKnownFileType = sourcecode.swift; path = Thumbnail.swift; sourceTree = "<group>"; };
		D0FDCABF20095CDF00918E11 /* CharacterURL.swift */ = {isa = PBXFileReference; lastKnownFileType = sourcecode.swift; path = CharacterURL.swift; sourceTree = "<group>"; };
		D0FDCAC1200A24F900918E11 /* UIColor+Hex.swift */ = {isa = PBXFileReference; lastKnownFileType = sourcecode.swift; path = "UIColor+Hex.swift"; sourceTree = "<group>"; };
		D0FDCAC3200A2FF200918E11 /* WebPageCharacterViewController.swift */ = {isa = PBXFileReference; lastKnownFileType = sourcecode.swift; path = WebPageCharacterViewController.swift; sourceTree = "<group>"; };
		D19429C76B8FA2FDF2C6ABDC /* Pods-ilegra-marvel.release.xcconfig */ = {isa = PBXFileReference; includeInIndex = 1; lastKnownFileType = text.xcconfig; name = "Pods-ilegra-marvel.release.xcconfig"; path = "Pods/Target Support Files/Pods-ilegra-marvel/Pods-ilegra-marvel.release.xcconfig"; sourceTree = "<group>"; };
/* End PBXFileReference section */

/* Begin PBXFrameworksBuildPhase section */
		D094253B2006BFB1003CB895 /* Frameworks */ = {
			isa = PBXFrameworksBuildPhase;
			buildActionMask = 2147483647;
			files = (
				473902A6E6D97BF3C34726F6 /* Pods_ilegra_marvel.framework in Frameworks */,
			);
			runOnlyForDeploymentPostprocessing = 0;
		};
/* End PBXFrameworksBuildPhase section */

/* Begin PBXGroup section */
		05AA10BB0799155F18FE1F81 /* Frameworks */ = {
			isa = PBXGroup;
			children = (
				678CA94543046927B74E0713 /* Pods_ilegra_marvel.framework */,
			);
			name = Frameworks;
			sourceTree = "<group>";
		};
		97701EA785F45A0BF1A23DD0 /* Pods */ = {
			isa = PBXGroup;
			children = (
				4096C73309297DF90175B0D8 /* Pods-ilegra-marvel.debug.xcconfig */,
				D19429C76B8FA2FDF2C6ABDC /* Pods-ilegra-marvel.release.xcconfig */,
			);
			name = Pods;
			sourceTree = "<group>";
		};
		D09425352006BFB1003CB895 = {
			isa = PBXGroup;
			children = (
				D09425402006BFB1003CB895 /* ilegra-marvel */,
				D094253F2006BFB1003CB895 /* Products */,
				97701EA785F45A0BF1A23DD0 /* Pods */,
				05AA10BB0799155F18FE1F81 /* Frameworks */,
			);
			sourceTree = "<group>";
		};
		D094253F2006BFB1003CB895 /* Products */ = {
			isa = PBXGroup;
			children = (
				D094253E2006BFB1003CB895 /* ilegra-marvel.app */,
			);
			name = Products;
			sourceTree = "<group>";
		};
		D09425402006BFB1003CB895 /* ilegra-marvel */ = {
			isa = PBXGroup;
			children = (
				D0EE93C22007594800044851 /* Extensions */,
				D0F794682006E3680034492D /* Model */,
				D0F794642006E32B0034492D /* ViewModel */,
				D0F794692006E3700034492D /* Views */,
				D0F7946A2006E3880034492D /* Storyboards */,
				D09425412006BFB1003CB895 /* AppDelegate.swift */,
				D09425482006BFB1003CB895 /* Assets.xcassets */,
				D094254D2006BFB1003CB895 /* Info.plist */,
			);
			path = "ilegra-marvel";
			sourceTree = "<group>";
		};
		D0EE93B12006F4EE00044851 /* Cells */ = {
			isa = PBXGroup;
			children = (
				D0EE93B52006F54300044851 /* CharacterTableViewCell.swift */,
				D0EE93B62006F54300044851 /* CharacterTableViewCell.xib */,
			);
			path = Cells;
			sourceTree = "<group>";
		};
		D0EE93B22006F4FE00044851 /* Tables */ = {
			isa = PBXGroup;
			children = (
				D0EE93B32006F52B00044851 /* CharactersTableViewController.swift */,
			);
			path = Tables;
			sourceTree = "<group>";
		};
		D0EE93B92006F8B100044851 /* View */ = {
			isa = PBXGroup;
			children = (
				D0EE93BA2006F8DE00044851 /* CharacterViewController.swift */,
				D0FDCAC3200A2FF200918E11 /* WebPageCharacterViewController.swift */,
			);
			path = View;
			sourceTree = "<group>";
		};
		D0EE93C22007594800044851 /* Extensions */ = {
			isa = PBXGroup;
			children = (
				D0EE93C32007596200044851 /* Dictionary+queryString.swift */,
				D0FDCAC1200A24F900918E11 /* UIColor+Hex.swift */,
			);
			path = Extensions;
			sourceTree = "<group>";
		};
		D0F794642006E32B0034492D /* ViewModel */ = {
			isa = PBXGroup;
			children = (
				D0F794662006E3410034492D /* Responses */,
				D0F794652006E3350034492D /* Requests */,
			);
			path = ViewModel;
			sourceTree = "<group>";
		};
		D0F794652006E3350034492D /* Requests */ = {
			isa = PBXGroup;
			children = (
				D0EE93A82006EA9000044851 /* Request.swift */,
				D0EE93BC2006FDBC00044851 /* RequestCharacter.swift */,
			);
			path = Requests;
			sourceTree = "<group>";
		};
		D0F794662006E3410034492D /* Responses */ = {
			isa = PBXGroup;
			children = (
				D0EE93A62006EA5900044851 /* Responses.swift */,
			);
			path = Responses;
			sourceTree = "<group>";
		};
		D0F794682006E3680034492D /* Model */ = {
			isa = PBXGroup;
			children = (
				D0EE93AA2006EABB00044851 /* ApiURL.swift */,
				D0EE93AD2006EADC00044851 /* ServerError.swift */,
				D0EE93AF2006EDEF00044851 /* Character.swift */,
				D0FDCAB9200958E100918E11 /* MarvelInfo.swift */,
				D0FDCABB20095A3A00918E11 /* MarvelData.swift */,
				D0FDCABD20095BA700918E11 /* Thumbnail.swift */,
				D0FDCABF20095CDF00918E11 /* CharacterURL.swift */,
			);
			path = Model;
			sourceTree = "<group>";
		};
		D0F794692006E3700034492D /* Views */ = {
			isa = PBXGroup;
			children = (
				D0EE93B92006F8B100044851 /* View */,
				D0EE93B22006F4FE00044851 /* Tables */,
				D0EE93B12006F4EE00044851 /* Cells */,
			);
			path = Views;
			sourceTree = "<group>";
		};
		D0F7946A2006E3880034492D /* Storyboards */ = {
			isa = PBXGroup;
			children = (
				D094254A2006BFB1003CB895 /* LaunchScreen.storyboard */,
				D0EE93A42006E91200044851 /* Main.storyboard */,
			);
			path = Storyboards;
			sourceTree = "<group>";
		};
/* End PBXGroup section */

/* Begin PBXNativeTarget section */
		D094253D2006BFB1003CB895 /* ilegra-marvel */ = {
			isa = PBXNativeTarget;
			buildConfigurationList = D09425502006BFB1003CB895 /* Build configuration list for PBXNativeTarget "ilegra-marvel" */;
			buildPhases = (
				963D8F89CBA31502E7A57195 /* [CP] Check Pods Manifest.lock */,
				D094253A2006BFB1003CB895 /* Sources */,
				D094253B2006BFB1003CB895 /* Frameworks */,
				D094253C2006BFB1003CB895 /* Resources */,
				46C2E5254EF9CD454BEA15B1 /* [CP] Embed Pods Frameworks */,
				51CAE4BDCAC95E57A12CFC23 /* [CP] Copy Pods Resources */,
			);
			buildRules = (
			);
			dependencies = (
			);
			name = "ilegra-marvel";
			productName = "ilegra-marvel";
			productReference = D094253E2006BFB1003CB895 /* ilegra-marvel.app */;
			productType = "com.apple.product-type.application";
		};
/* End PBXNativeTarget section */

/* Begin PBXProject section */
		D09425362006BFB1003CB895 /* Project object */ = {
			isa = PBXProject;
			attributes = {
				LastSwiftUpdateCheck = 0920;
				LastUpgradeCheck = 0920;
				ORGANIZATIONNAME = "Michel Anderson Lutz Teixeira";
				TargetAttributes = {
					D094253D2006BFB1003CB895 = {
						CreatedOnToolsVersion = 9.2;
						ProvisioningStyle = Automatic;
					};
				};
			};
			buildConfigurationList = D09425392006BFB1003CB895 /* Build configuration list for PBXProject "ilegra-marvel" */;
			compatibilityVersion = "Xcode 8.0";
			developmentRegion = en;
			hasScannedForEncodings = 0;
			knownRegions = (
				en,
				Base,
			);
			mainGroup = D09425352006BFB1003CB895;
			productRefGroup = D094253F2006BFB1003CB895 /* Products */;
			projectDirPath = "";
			projectRoot = "";
			targets = (
				D094253D2006BFB1003CB895 /* ilegra-marvel */,
			);
		};
/* End PBXProject section */

/* Begin PBXResourcesBuildPhase section */
		D094253C2006BFB1003CB895 /* Resources */ = {
			isa = PBXResourcesBuildPhase;
			buildActionMask = 2147483647;
			files = (
				D094254C2006BFB1003CB895 /* LaunchScreen.storyboard in Resources */,
				D0EE93A52006E91200044851 /* Main.storyboard in Resources */,
				D09425492006BFB1003CB895 /* Assets.xcassets in Resources */,
				D0EE93B82006F54300044851 /* CharacterTableViewCell.xib in Resources */,
			);
			runOnlyForDeploymentPostprocessing = 0;
		};
/* End PBXResourcesBuildPhase section */

/* Begin PBXShellScriptBuildPhase section */
		46C2E5254EF9CD454BEA15B1 /* [CP] Embed Pods Frameworks */ = {
			isa = PBXShellScriptBuildPhase;
			buildActionMask = 2147483647;
			files = (
			);
			inputPaths = (
			);
			name = "[CP] Embed Pods Frameworks";
			outputPaths = (
			);
			runOnlyForDeploymentPostprocessing = 0;
			shellPath = /bin/sh;
			shellScript = "\"${SRCROOT}/Pods/Target Support Files/Pods-ilegra-marvel/Pods-ilegra-marvel-frameworks.sh\"\n";
			showEnvVarsInLog = 0;
		};
		51CAE4BDCAC95E57A12CFC23 /* [CP] Copy Pods Resources */ = {
			isa = PBXShellScriptBuildPhase;
			buildActionMask = 2147483647;
			files = (
			);
			inputPaths = (
			);
			name = "[CP] Copy Pods Resources";
			outputPaths = (
			);
			runOnlyForDeploymentPostprocessing = 0;
			shellPath = /bin/sh;
			shellScript = "\"${SRCROOT}/Pods/Target Support Files/Pods-ilegra-marvel/Pods-ilegra-marvel-resources.sh\"\n";
			showEnvVarsInLog = 0;
		};
		963D8F89CBA31502E7A57195 /* [CP] Check Pods Manifest.lock */ = {
			isa = PBXShellScriptBuildPhase;
			buildActionMask = 2147483647;
			files = (
			);
			inputPaths = (
			);
			name = "[CP] Check Pods Manifest.lock";
			outputPaths = (
			);
			runOnlyForDeploymentPostprocessing = 0;
			shellPath = /bin/sh;
			shellScript = "diff \"${PODS_ROOT}/../Podfile.lock\" \"${PODS_ROOT}/Manifest.lock\" > /dev/null\nif [ $? != 0 ] ; then\n    # print error to STDERR\n    echo \"error: The sandbox is not in sync with the Podfile.lock. Run 'pod install' or update your CocoaPods installation.\" >&2\n    exit 1\nfi\n";
			showEnvVarsInLog = 0;
		};
/* End PBXShellScriptBuildPhase section */

/* Begin PBXSourcesBuildPhase section */
		D094253A2006BFB1003CB895 /* Sources */ = {
			isa = PBXSourcesBuildPhase;
			buildActionMask = 2147483647;
			files = (
				D0EE93BB2006F8DE00044851 /* CharacterViewController.swift in Sources */,
				D0EE93BD2006FDBC00044851 /* RequestCharacter.swift in Sources */,
				D0EE93AE2006EADC00044851 /* ServerError.swift in Sources */,
				D0EE93AB2006EABB00044851 /* ApiURL.swift in Sources */,
				D0EE93B42006F52B00044851 /* CharactersTableViewController.swift in Sources */,
				D0EE93A72006EA5900044851 /* Responses.swift in Sources */,
				D0FDCABC20095A3A00918E11 /* MarvelData.swift in Sources */,
				D0EE93B02006EDEF00044851 /* Character.swift in Sources */,
				D0FDCABE20095BA700918E11 /* Thumbnail.swift in Sources */,
				D0FDCAC2200A24F900918E11 /* UIColor+Hex.swift in Sources */,
				D0EE93C42007596300044851 /* Dictionary+queryString.swift in Sources */,
				D0EE93A92006EA9000044851 /* Request.swift in Sources */,
				D0FDCABA200958E100918E11 /* MarvelInfo.swift in Sources */,
				D09425422006BFB1003CB895 /* AppDelegate.swift in Sources */,
				D0FDCAC020095CDF00918E11 /* CharacterURL.swift in Sources */,
				D0FDCAC4200A2FF200918E11 /* WebPageCharacterViewController.swift in Sources */,
				D0EE93B72006F54300044851 /* CharacterTableViewCell.swift in Sources */,
			);
			runOnlyForDeploymentPostprocessing = 0;
		};
/* End PBXSourcesBuildPhase section */

/* Begin PBXVariantGroup section */
		D094254A2006BFB1003CB895 /* LaunchScreen.storyboard */ = {
			isa = PBXVariantGroup;
			children = (
				D094254B2006BFB1003CB895 /* Base */,
			);
			name = LaunchScreen.storyboard;
			sourceTree = "<group>";
		};
/* End PBXVariantGroup section */

/* Begin XCBuildConfiguration section */
		D094254E2006BFB1003CB895 /* Debug */ = {
			isa = XCBuildConfiguration;
			buildSettings = {
				ALWAYS_SEARCH_USER_PATHS = NO;
				CLANG_ANALYZER_NONNULL = YES;
				CLANG_ANALYZER_NUMBER_OBJECT_CONVERSION = YES_AGGRESSIVE;
				CLANG_CXX_LANGUAGE_STANDARD = "gnu++14";
				CLANG_CXX_LIBRARY = "libc++";
				CLANG_ENABLE_MODULES = YES;
				CLANG_ENABLE_OBJC_ARC = YES;
				CLANG_WARN_BLOCK_CAPTURE_AUTORELEASING = YES;
				CLANG_WARN_BOOL_CONVERSION = YES;
				CLANG_WARN_COMMA = YES;
				CLANG_WARN_CONSTANT_CONVERSION = YES;
				CLANG_WARN_DIRECT_OBJC_ISA_USAGE = YES_ERROR;
				CLANG_WARN_DOCUMENTATION_COMMENTS = YES;
				CLANG_WARN_EMPTY_BODY = YES;
				CLANG_WARN_ENUM_CONVERSION = YES;
				CLANG_WARN_INFINITE_RECURSION = YES;
				CLANG_WARN_INT_CONVERSION = YES;
				CLANG_WARN_NON_LITERAL_NULL_CONVERSION = YES;
				CLANG_WARN_OBJC_LITERAL_CONVERSION = YES;
				CLANG_WARN_OBJC_ROOT_CLASS = YES_ERROR;
				CLANG_WARN_RANGE_LOOP_ANALYSIS = YES;
				CLANG_WARN_STRICT_PROTOTYPES = YES;
				CLANG_WARN_SUSPICIOUS_MOVE = YES;
				CLANG_WARN_UNGUARDED_AVAILABILITY = YES_AGGRESSIVE;
				CLANG_WARN_UNREACHABLE_CODE = YES;
				CLANG_WARN__DUPLICATE_METHOD_MATCH = YES;
				CODE_SIGN_IDENTITY = "iPhone Developer";
				COPY_PHASE_STRIP = NO;
				DEBUG_INFORMATION_FORMAT = dwarf;
				ENABLE_STRICT_OBJC_MSGSEND = YES;
				ENABLE_TESTABILITY = YES;
				GCC_C_LANGUAGE_STANDARD = gnu11;
				GCC_DYNAMIC_NO_PIC = NO;
				GCC_NO_COMMON_BLOCKS = YES;
				GCC_OPTIMIZATION_LEVEL = 0;
				GCC_PREPROCESSOR_DEFINITIONS = (
					"DEBUG=1",
					"$(inherited)",
				);
				GCC_WARN_64_TO_32_BIT_CONVERSION = YES;
				GCC_WARN_ABOUT_RETURN_TYPE = YES_ERROR;
				GCC_WARN_UNDECLARED_SELECTOR = YES;
				GCC_WARN_UNINITIALIZED_AUTOS = YES_AGGRESSIVE;
				GCC_WARN_UNUSED_FUNCTION = YES;
				GCC_WARN_UNUSED_VARIABLE = YES;
				IPHONEOS_DEPLOYMENT_TARGET = 11.2;
				MTL_ENABLE_DEBUG_INFO = YES;
				ONLY_ACTIVE_ARCH = YES;
				SDKROOT = iphoneos;
				SWIFT_ACTIVE_COMPILATION_CONDITIONS = DEBUG;
				SWIFT_OPTIMIZATION_LEVEL = "-Onone";
			};
			name = Debug;
		};
		D094254F2006BFB1003CB895 /* Release */ = {
			isa = XCBuildConfiguration;
			buildSettings = {
				ALWAYS_SEARCH_USER_PATHS = NO;
				CLANG_ANALYZER_NONNULL = YES;
				CLANG_ANALYZER_NUMBER_OBJECT_CONVERSION = YES_AGGRESSIVE;
				CLANG_CXX_LANGUAGE_STANDARD = "gnu++14";
				CLANG_CXX_LIBRARY = "libc++";
				CLANG_ENABLE_MODULES = YES;
				CLANG_ENABLE_OBJC_ARC = YES;
				CLANG_WARN_BLOCK_CAPTURE_AUTORELEASING = YES;
				CLANG_WARN_BOOL_CONVERSION = YES;
				CLANG_WARN_COMMA = YES;
				CLANG_WARN_CONSTANT_CONVERSION = YES;
				CLANG_WARN_DIRECT_OBJC_ISA_USAGE = YES_ERROR;
				CLANG_WARN_DOCUMENTATION_COMMENTS = YES;
				CLANG_WARN_EMPTY_BODY = YES;
				CLANG_WARN_ENUM_CONVERSION = YES;
				CLANG_WARN_INFINITE_RECURSION = YES;
				CLANG_WARN_INT_CONVERSION = YES;
				CLANG_WARN_NON_LITERAL_NULL_CONVERSION = YES;
				CLANG_WARN_OBJC_LITERAL_CONVERSION = YES;
				CLANG_WARN_OBJC_ROOT_CLASS = YES_ERROR;
				CLANG_WARN_RANGE_LOOP_ANALYSIS = YES;
				CLANG_WARN_STRICT_PROTOTYPES = YES;
				CLANG_WARN_SUSPICIOUS_MOVE = YES;
				CLANG_WARN_UNGUARDED_AVAILABILITY = YES_AGGRESSIVE;
				CLANG_WARN_UNREACHABLE_CODE = YES;
				CLANG_WARN__DUPLICATE_METHOD_MATCH = YES;
				CODE_SIGN_IDENTITY = "iPhone Developer";
				COPY_PHASE_STRIP = NO;
				DEBUG_INFORMATION_FORMAT = "dwarf-with-dsym";
				ENABLE_NS_ASSERTIONS = NO;
				ENABLE_STRICT_OBJC_MSGSEND = YES;
				GCC_C_LANGUAGE_STANDARD = gnu11;
				GCC_NO_COMMON_BLOCKS = YES;
				GCC_WARN_64_TO_32_BIT_CONVERSION = YES;
				GCC_WARN_ABOUT_RETURN_TYPE = YES_ERROR;
				GCC_WARN_UNDECLARED_SELECTOR = YES;
				GCC_WARN_UNINITIALIZED_AUTOS = YES_AGGRESSIVE;
				GCC_WARN_UNUSED_FUNCTION = YES;
				GCC_WARN_UNUSED_VARIABLE = YES;
				IPHONEOS_DEPLOYMENT_TARGET = 11.2;
				MTL_ENABLE_DEBUG_INFO = NO;
				SDKROOT = iphoneos;
				SWIFT_OPTIMIZATION_LEVEL = "-Owholemodule";
				VALIDATE_PRODUCT = YES;
			};
			name = Release;
		};
		D09425512006BFB1003CB895 /* Debug */ = {
			isa = XCBuildConfiguration;
			baseConfigurationReference = 4096C73309297DF90175B0D8 /* Pods-ilegra-marvel.debug.xcconfig */;
			buildSettings = {
				ASSETCATALOG_COMPILER_APPICON_NAME = AppIcon;
				CODE_SIGN_STYLE = Automatic;
				DEVELOPMENT_TEAM = 2L8WPWWVB6;
				INFOPLIST_FILE = "ilegra-marvel/Info.plist";
				LD_RUNPATH_SEARCH_PATHS = "$(inherited) @executable_path/Frameworks";
				PRODUCT_BUNDLE_IDENTIFIER = "com.mastersmx.ilegra-marvel";
				PRODUCT_NAME = "$(TARGET_NAME)";
				SWIFT_VERSION = 4.0;
				TARGETED_DEVICE_FAMILY = "1,2";
			};
			name = Debug;
		};
		D09425522006BFB1003CB895 /* Release */ = {
			isa = XCBuildConfiguration;
			baseConfigurationReference = D19429C76B8FA2FDF2C6ABDC /* Pods-ilegra-marvel.release.xcconfig */;
			buildSettings = {
				ASSETCATALOG_COMPILER_APPICON_NAME = AppIcon;
				CODE_SIGN_STYLE = Automatic;
				DEVELOPMENT_TEAM = 2L8WPWWVB6;
				INFOPLIST_FILE = "ilegra-marvel/Info.plist";
				LD_RUNPATH_SEARCH_PATHS = "$(inherited) @executable_path/Frameworks";
				PRODUCT_BUNDLE_IDENTIFIER = "com.mastersmx.ilegra-marvel";
				PRODUCT_NAME = "$(TARGET_NAME)";
				SWIFT_VERSION = 4.0;
				TARGETED_DEVICE_FAMILY = "1,2";
			};
			name = Release;
		};
/* End XCBuildConfiguration section */

/* Begin XCConfigurationList section */
		D09425392006BFB1003CB895 /* Build configuration list for PBXProject "ilegra-marvel" */ = {
			isa = XCConfigurationList;
			buildConfigurations = (
				D094254E2006BFB1003CB895 /* Debug */,
				D094254F2006BFB1003CB895 /* Release */,
			);
			defaultConfigurationIsVisible = 0;
			defaultConfigurationName = Release;
		};
		D09425502006BFB1003CB895 /* Build configuration list for PBXNativeTarget "ilegra-marvel" */ = {
			isa = XCConfigurationList;
			buildConfigurations = (
				D09425512006BFB1003CB895 /* Debug */,
				D09425522006BFB1003CB895 /* Release */,
			);
			defaultConfigurationIsVisible = 0;
			defaultConfigurationName = Release;
		};
/* End XCConfigurationList section */
	};
	rootObject = D09425362006BFB1003CB895 /* Project object */;
}
